
Microsoft Visual Studio Solution File, Format Version 12.00
# Visual Studio 14
VisualStudioVersion = 14.0.25420.1
MinimumVisualStudioVersion = 10.0.40219.1
Project("{FAE04EC0-301F-11D3-BF4B-00C04F79EFBC}") = "SayAnything", "SayAnything\SayAnything\SayAnything.csproj", "{A6691D5E-1C06-4863-A120-E7EEC631CFA3}"
EndProject
Project("{FAE04EC0-301F-11D3-BF4B-00C04F79EFBC}") = "SayAnything.Droid", "SayAnything\SayAnything.Droid\SayAnything.Droid.csproj", "{6D7930BF-79E6-4929-8DF7-5BA0199B77D9}"
EndProject
Project("{FAE04EC0-301F-11D3-BF4B-00C04F79EFBC}") = "SayAnything.iOS", "SayAnything\SayAnything.iOS\SayAnything.iOS.csproj", "{933AF39A-5EFC-4109-A999-E3A6C02B9120}"
EndProject
Project("{FAE04EC0-301F-11D3-BF4B-00C04F79EFBC}") = "SayAnything.WinPhone", "SayAnything\SayAnything.WinPhone\SayAnything.WinPhone.csproj", "{1F803DF0-2E6E-4BF4-ABB0-3A23097A00AC}"
EndProject
Project("{FAE04EC0-301F-11D3-BF4B-00C04F79EFBC}") = "SayAnything.UWP", "SayAnything\SayAnything.UWP\SayAnything.UWP.csproj", "{775F3E68-AA3F-4F6E-ACD6-4D02AA36217A}"
EndProject
Project("{FAE04EC0-301F-11D3-BF4B-00C04F79EFBC}") = "SayAnything.Windows", "SayAnything\SayAnything.Windows\SayAnything.Windows.csproj", "{62ECF2AA-E438-4F74-B1B4-98554D71BBA6}"
EndProject
Global
	GlobalSection(SolutionConfigurationPlatforms) = preSolution
		Ad-Hoc|Any CPU = Ad-Hoc|Any CPU
		Ad-Hoc|ARM = Ad-Hoc|ARM
		Ad-Hoc|iPhone = Ad-Hoc|iPhone
		Ad-Hoc|iPhoneSimulator = Ad-Hoc|iPhoneSimulator
		Ad-Hoc|x64 = Ad-Hoc|x64
		Ad-Hoc|x86 = Ad-Hoc|x86
		AppStore|Any CPU = AppStore|Any CPU
		AppStore|ARM = AppStore|ARM
		AppStore|iPhone = AppStore|iPhone
		AppStore|iPhoneSimulator = AppStore|iPhoneSimulator
		AppStore|x64 = AppStore|x64
		AppStore|x86 = AppStore|x86
		Debug|Any CPU = Debug|Any CPU
		Debug|ARM = Debug|ARM
		Debug|iPhone = Debug|iPhone
		Debug|iPhoneSimulator = Debug|iPhoneSimulator
		Debug|x64 = Debug|x64
		Debug|x86 = Debug|x86
		Release|Any CPU = Release|Any CPU
		Release|ARM = Release|ARM
		Release|iPhone = Release|iPhone
		Release|iPhoneSimulator = Release|iPhoneSimulator
		Release|x64 = Release|x64
		Release|x86 = Release|x86
	EndGlobalSection
	GlobalSection(ProjectConfigurationPlatforms) = postSolution
		{A6691D5E-1C06-4863-A120-E7EEC631CFA3}.Ad-Hoc|Any CPU.ActiveCfg = Release|Any CPU
		{A6691D5E-1C06-4863-A120-E7EEC631CFA3}.Ad-Hoc|Any CPU.Build.0 = Release|Any CPU
		{A6691D5E-1C06-4863-A120-E7EEC631CFA3}.Ad-Hoc|ARM.ActiveCfg = Release|Any CPU
		{A6691D5E-1C06-4863-A120-E7EEC631CFA3}.Ad-Hoc|ARM.Build.0 = Release|Any CPU
		{A6691D5E-1C06-4863-A120-E7EEC631CFA3}.Ad-Hoc|iPhone.ActiveCfg = Release|Any CPU
		{A6691D5E-1C06-4863-A120-E7EEC631CFA3}.Ad-Hoc|iPhone.Build.0 = Release|Any CPU
		{A6691D5E-1C06-4863-A120-E7EEC631CFA3}.Ad-Hoc|iPhoneSimulator.ActiveCfg = Release|Any CPU
		{A6691D5E-1C06-4863-A120-E7EEC631CFA3}.Ad-Hoc|iPhoneSimulator.Build.0 = Release|Any CPU
		{A6691D5E-1C06-4863-A120-E7EEC631CFA3}.Ad-Hoc|x64.ActiveCfg = Release|Any CPU
		{A6691D5E-1C06-4863-A120-E7EEC631CFA3}.Ad-Hoc|x64.Build.0 = Release|Any CPU
		{A6691D5E-1C06-4863-A120-E7EEC631CFA3}.Ad-Hoc|x86.ActiveCfg = Release|Any CPU
		{A6691D5E-1C06-4863-A120-E7EEC631CFA3}.Ad-Hoc|x86.Build.0 = Release|Any CPU
		{A6691D5E-1C06-4863-A120-E7EEC631CFA3}.AppStore|Any CPU.ActiveCfg = Release|Any CPU
		{A6691D5E-1C06-4863-A120-E7EEC631CFA3}.AppStore|Any CPU.Build.0 = Release|Any CPU
		{A6691D5E-1C06-4863-A120-E7EEC631CFA3}.AppStore|ARM.ActiveCfg = Release|Any CPU
		{A6691D5E-1C06-4863-A120-E7EEC631CFA3}.AppStore|ARM.Build.0 = Release|Any CPU
		{A6691D5E-1C06-4863-A120-E7EEC631CFA3}.AppStore|iPhone.ActiveCfg = Release|Any CPU
		{A6691D5E-1C06-4863-A120-E7EEC631CFA3}.AppStore|iPhone.Build.0 = Release|Any CPU
		{A6691D5E-1C06-4863-A120-E7EEC631CFA3}.AppStore|iPhoneSimulator.ActiveCfg = Release|Any CPU
		{A6691D5E-1C06-4863-A120-E7EEC631CFA3}.AppStore|iPhoneSimulator.Build.0 = Release|Any CPU
		{A6691D5E-1C06-4863-A120-E7EEC631CFA3}.AppStore|x64.ActiveCfg = Release|Any CPU
		{A6691D5E-1C06-4863-A120-E7EEC631CFA3}.AppStore|x64.Build.0 = Release|Any CPU
		{A6691D5E-1C06-4863-A120-E7EEC631CFA3}.AppStore|x86.ActiveCfg = Release|Any CPU
		{A6691D5E-1C06-4863-A120-E7EEC631CFA3}.AppStore|x86.Build.0 = Release|Any CPU
		{A6691D5E-1C06-4863-A120-E7EEC631CFA3}.Debug|Any CPU.ActiveCfg = Debug|Any CPU
		{A6691D5E-1C06-4863-A120-E7EEC631CFA3}.Debug|Any CPU.Build.0 = Debug|Any CPU
		{A6691D5E-1C06-4863-A120-E7EEC631CFA3}.Debug|ARM.ActiveCfg = Debug|Any CPU
		{A6691D5E-1C06-4863-A120-E7EEC631CFA3}.Debug|ARM.Build.0 = Debug|Any CPU
		{A6691D5E-1C06-4863-A120-E7EEC631CFA3}.Debug|iPhone.ActiveCfg = Debug|Any CPU
		{A6691D5E-1C06-4863-A120-E7EEC631CFA3}.Debug|iPhone.Build.0 = Debug|Any CPU
		{A6691D5E-1C06-4863-A120-E7EEC631CFA3}.Debug|iPhoneSimulator.ActiveCfg = Debug|Any CPU
		{A6691D5E-1C06-4863-A120-E7EEC631CFA3}.Debug|iPhoneSimulator.Build.0 = Debug|Any CPU
		{A6691D5E-1C06-4863-A120-E7EEC631CFA3}.Debug|x64.ActiveCfg = Debug|Any CPU
		{A6691D5E-1C06-4863-A120-E7EEC631CFA3}.Debug|x64.Build.0 = Debug|Any CPU
		{A6691D5E-1C06-4863-A120-E7EEC631CFA3}.Debug|x86.ActiveCfg = Debug|Any CPU
		{A6691D5E-1C06-4863-A120-E7EEC631CFA3}.Debug|x86.Build.0 = Debug|Any CPU
		{A6691D5E-1C06-4863-A120-E7EEC631CFA3}.Release|Any CPU.ActiveCfg = Release|Any CPU
		{A6691D5E-1C06-4863-A120-E7EEC631CFA3}.Release|Any CPU.Build.0 = Release|Any CPU
		{A6691D5E-1C06-4863-A120-E7EEC631CFA3}.Release|ARM.ActiveCfg = Release|Any CPU
		{A6691D5E-1C06-4863-A120-E7EEC631CFA3}.Release|ARM.Build.0 = Release|Any CPU
		{A6691D5E-1C06-4863-A120-E7EEC631CFA3}.Release|iPhone.ActiveCfg = Release|Any CPU
		{A6691D5E-1C06-4863-A120-E7EEC631CFA3}.Release|iPhone.Build.0 = Release|Any CPU
		{A6691D5E-1C06-4863-A120-E7EEC631CFA3}.Release|iPhoneSimulator.ActiveCfg = Release|Any CPU
		{A6691D5E-1C06-4863-A120-E7EEC631CFA3}.Release|iPhoneSimulator.Build.0 = Release|Any CPU
		{A6691D5E-1C06-4863-A120-E7EEC631CFA3}.Release|x64.ActiveCfg = Release|Any CPU
		{A6691D5E-1C06-4863-A120-E7EEC631CFA3}.Release|x64.Build.0 = Release|Any CPU
		{A6691D5E-1C06-4863-A120-E7EEC631CFA3}.Release|x86.ActiveCfg = Release|Any CPU
		{A6691D5E-1C06-4863-A120-E7EEC631CFA3}.Release|x86.Build.0 = Release|Any CPU
		{6D7930BF-79E6-4929-8DF7-5BA0199B77D9}.Ad-Hoc|Any CPU.ActiveCfg = Release|Any CPU
		{6D7930BF-79E6-4929-8DF7-5BA0199B77D9}.Ad-Hoc|Any CPU.Build.0 = Release|Any CPU
		{6D7930BF-79E6-4929-8DF7-5BA0199B77D9}.Ad-Hoc|Any CPU.Deploy.0 = Release|Any CPU
		{6D7930BF-79E6-4929-8DF7-5BA0199B77D9}.Ad-Hoc|ARM.ActiveCfg = Release|Any CPU
		{6D7930BF-79E6-4929-8DF7-5BA0199B77D9}.Ad-Hoc|ARM.Build.0 = Release|Any CPU
		{6D7930BF-79E6-4929-8DF7-5BA0199B77D9}.Ad-Hoc|ARM.Deploy.0 = Release|Any CPU
		{6D7930BF-79E6-4929-8DF7-5BA0199B77D9}.Ad-Hoc|iPhone.ActiveCfg = Release|Any CPU
		{6D7930BF-79E6-4929-8DF7-5BA0199B77D9}.Ad-Hoc|iPhone.Build.0 = Release|Any CPU
		{6D7930BF-79E6-4929-8DF7-5BA0199B77D9}.Ad-Hoc|iPhone.Deploy.0 = Release|Any CPU
		{6D7930BF-79E6-4929-8DF7-5BA0199B77D9}.Ad-Hoc|iPhoneSimulator.ActiveCfg = Release|Any CPU
		{6D7930BF-79E6-4929-8DF7-5BA0199B77D9}.Ad-Hoc|iPhoneSimulator.Build.0 = Release|Any CPU
		{6D7930BF-79E6-4929-8DF7-5BA0199B77D9}.Ad-Hoc|iPhoneSimulator.Deploy.0 = Release|Any CPU
		{6D7930BF-79E6-4929-8DF7-5BA0199B77D9}.Ad-Hoc|x64.ActiveCfg = Release|Any CPU
		{6D7930BF-79E6-4929-8DF7-5BA0199B77D9}.Ad-Hoc|x64.Build.0 = Release|Any CPU
		{6D7930BF-79E6-4929-8DF7-5BA0199B77D9}.Ad-Hoc|x64.Deploy.0 = Release|Any CPU
		{6D7930BF-79E6-4929-8DF7-5BA0199B77D9}.Ad-Hoc|x86.ActiveCfg = Release|Any CPU
		{6D7930BF-79E6-4929-8DF7-5BA0199B77D9}.Ad-Hoc|x86.Build.0 = Release|Any CPU
		{6D7930BF-79E6-4929-8DF7-5BA0199B77D9}.Ad-Hoc|x86.Deploy.0 = Release|Any CPU
		{6D7930BF-79E6-4929-8DF7-5BA0199B77D9}.AppStore|Any CPU.ActiveCfg = Release|Any CPU
		{6D7930BF-79E6-4929-8DF7-5BA0199B77D9}.AppStore|Any CPU.Build.0 = Release|Any CPU
		{6D7930BF-79E6-4929-8DF7-5BA0199B77D9}.AppStore|Any CPU.Deploy.0 = Release|Any CPU
		{6D7930BF-79E6-4929-8DF7-5BA0199B77D9}.AppStore|ARM.ActiveCfg = Release|Any CPU
		{6D7930BF-79E6-4929-8DF7-5BA0199B77D9}.AppStore|ARM.Build.0 = Release|Any CPU
		{6D7930BF-79E6-4929-8DF7-5BA0199B77D9}.AppStore|ARM.Deploy.0 = Release|Any CPU
		{6D7930BF-79E6-4929-8DF7-5BA0199B77D9}.AppStore|iPhone.ActiveCfg = Release|Any CPU
		{6D7930BF-79E6-4929-8DF7-5BA0199B77D9}.AppStore|iPhone.Build.0 = Release|Any CPU
		{6D7930BF-79E6-4929-8DF7-5BA0199B77D9}.AppStore|iPhone.Deploy.0 = Release|Any CPU
		{6D7930BF-79E6-4929-8DF7-5BA0199B77D9}.AppStore|iPhoneSimulator.ActiveCfg = Release|Any CPU
		{6D7930BF-79E6-4929-8DF7-5BA0199B77D9}.AppStore|iPhoneSimulator.Build.0 = Release|Any CPU
		{6D7930BF-79E6-4929-8DF7-5BA0199B77D9}.AppStore|iPhoneSimulator.Deploy.0 = Release|Any CPU
		{6D7930BF-79E6-4929-8DF7-5BA0199B77D9}.AppStore|x64.ActiveCfg = Release|Any CPU
		{6D7930BF-79E6-4929-8DF7-5BA0199B77D9}.AppStore|x64.Build.0 = Release|Any CPU
		{6D7930BF-79E6-4929-8DF7-5BA0199B77D9}.AppStore|x64.Deploy.0 = Release|Any CPU
		{6D7930BF-79E6-4929-8DF7-5BA0199B77D9}.AppStore|x86.ActiveCfg = Release|Any CPU
		{6D7930BF-79E6-4929-8DF7-5BA0199B77D9}.AppStore|x86.Build.0 = Release|Any CPU
		{6D7930BF-79E6-4929-8DF7-5BA0199B77D9}.AppStore|x86.Deploy.0 = Release|Any CPU
		{6D7930BF-79E6-4929-8DF7-5BA0199B77D9}.Debug|Any CPU.ActiveCfg = Debug|Any CPU
		{6D7930BF-79E6-4929-8DF7-5BA0199B77D9}.Debug|Any CPU.Build.0 = Debug|Any CPU
		{6D7930BF-79E6-4929-8DF7-5BA0199B77D9}.Debug|Any CPU.Deploy.0 = Debug|Any CPU
		{6D7930BF-79E6-4929-8DF7-5BA0199B77D9}.Debug|ARM.ActiveCfg = Debug|Any CPU
		{6D7930BF-79E6-4929-8DF7-5BA0199B77D9}.Debug|ARM.Build.0 = Debug|Any CPU
		{6D7930BF-79E6-4929-8DF7-5BA0199B77D9}.Debug|ARM.Deploy.0 = Debug|Any CPU
		{6D7930BF-79E6-4929-8DF7-5BA0199B77D9}.Debug|iPhone.ActiveCfg = Debug|Any CPU
		{6D7930BF-79E6-4929-8DF7-5BA0199B77D9}.Debug|iPhone.Build.0 = Debug|Any CPU
		{6D7930BF-79E6-4929-8DF7-5BA0199B77D9}.Debug|iPhone.Deploy.0 = Debug|Any CPU
		{6D7930BF-79E6-4929-8DF7-5BA0199B77D9}.Debug|iPhoneSimulator.ActiveCfg = Debug|Any CPU
		{6D7930BF-79E6-4929-8DF7-5BA0199B77D9}.Debug|iPhoneSimulator.Build.0 = Debug|Any CPU
		{6D7930BF-79E6-4929-8DF7-5BA0199B77D9}.Debug|iPhoneSimulator.Deploy.0 = Debug|Any CPU
		{6D7930BF-79E6-4929-8DF7-5BA0199B77D9}.Debug|x64.ActiveCfg = Debug|Any CPU
		{6D7930BF-79E6-4929-8DF7-5BA0199B77D9}.Debug|x64.Build.0 = Debug|Any CPU
		{6D7930BF-79E6-4929-8DF7-5BA0199B77D9}.Debug|x64.Deploy.0 = Debug|Any CPU
		{6D7930BF-79E6-4929-8DF7-5BA0199B77D9}.Debug|x86.ActiveCfg = Debug|Any CPU
		{6D7930BF-79E6-4929-8DF7-5BA0199B77D9}.Debug|x86.Build.0 = Debug|Any CPU
		{6D7930BF-79E6-4929-8DF7-5BA0199B77D9}.Debug|x86.Deploy.0 = Debug|Any CPU
		{6D7930BF-79E6-4929-8DF7-5BA0199B77D9}.Release|Any CPU.ActiveCfg = Release|Any CPU
		{6D7930BF-79E6-4929-8DF7-5BA0199B77D9}.Release|Any CPU.Build.0 = Release|Any CPU
		{6D7930BF-79E6-4929-8DF7-5BA0199B77D9}.Release|Any CPU.Deploy.0 = Release|Any CPU
		{6D7930BF-79E6-4929-8DF7-5BA0199B77D9}.Release|ARM.ActiveCfg = Release|Any CPU
		{6D7930BF-79E6-4929-8DF7-5BA0199B77D9}.Release|ARM.Build.0 = Release|Any CPU
		{6D7930BF-79E6-4929-8DF7-5BA0199B77D9}.Release|ARM.Deploy.0 = Release|Any CPU
		{6D7930BF-79E6-4929-8DF7-5BA0199B77D9}.Release|iPhone.ActiveCfg = Release|Any CPU
		{6D7930BF-79E6-4929-8DF7-5BA0199B77D9}.Release|iPhone.Build.0 = Release|Any CPU
		{6D7930BF-79E6-4929-8DF7-5BA0199B77D9}.Release|iPhone.Deploy.0 = Release|Any CPU
		{6D7930BF-79E6-4929-8DF7-5BA0199B77D9}.Release|iPhoneSimulator.ActiveCfg = Release|Any CPU
		{6D7930BF-79E6-4929-8DF7-5BA0199B77D9}.Release|iPhoneSimulator.Build.0 = Release|Any CPU
		{6D7930BF-79E6-4929-8DF7-5BA0199B77D9}.Release|iPhoneSimulator.Deploy.0 = Release|Any CPU
		{6D7930BF-79E6-4929-8DF7-5BA0199B77D9}.Release|x64.ActiveCfg = Release|Any CPU
		{6D7930BF-79E6-4929-8DF7-5BA0199B77D9}.Release|x64.Build.0 = Release|Any CPU
		{6D7930BF-79E6-4929-8DF7-5BA0199B77D9}.Release|x64.Deploy.0 = Release|Any CPU
		{6D7930BF-79E6-4929-8DF7-5BA0199B77D9}.Release|x86.ActiveCfg = Release|Any CPU
		{6D7930BF-79E6-4929-8DF7-5BA0199B77D9}.Release|x86.Build.0 = Release|Any CPU
		{6D7930BF-79E6-4929-8DF7-5BA0199B77D9}.Release|x86.Deploy.0 = Release|Any CPU
		{933AF39A-5EFC-4109-A999-E3A6C02B9120}.Ad-Hoc|Any CPU.ActiveCfg = Ad-Hoc|iPhone
		{933AF39A-5EFC-4109-A999-E3A6C02B9120}.Ad-Hoc|ARM.ActiveCfg = Ad-Hoc|iPhone
		{933AF39A-5EFC-4109-A999-E3A6C02B9120}.Ad-Hoc|iPhone.ActiveCfg = Ad-Hoc|iPhone
		{933AF39A-5EFC-4109-A999-E3A6C02B9120}.Ad-Hoc|iPhone.Build.0 = Ad-Hoc|iPhone
		{933AF39A-5EFC-4109-A999-E3A6C02B9120}.Ad-Hoc|iPhoneSimulator.ActiveCfg = Ad-Hoc|iPhoneSimulator
		{933AF39A-5EFC-4109-A999-E3A6C02B9120}.Ad-Hoc|iPhoneSimulator.Build.0 = Ad-Hoc|iPhoneSimulator
		{933AF39A-5EFC-4109-A999-E3A6C02B9120}.Ad-Hoc|x64.ActiveCfg = Ad-Hoc|iPhone
		{933AF39A-5EFC-4109-A999-E3A6C02B9120}.Ad-Hoc|x86.ActiveCfg = Ad-Hoc|iPhone
		{933AF39A-5EFC-4109-A999-E3A6C02B9120}.AppStore|Any CPU.ActiveCfg = AppStore|iPhone
		{933AF39A-5EFC-4109-A999-E3A6C02B9120}.AppStore|ARM.ActiveCfg = AppStore|iPhone
		{933AF39A-5EFC-4109-A999-E3A6C02B9120}.AppStore|iPhone.ActiveCfg = AppStore|iPhone
		{933AF39A-5EFC-4109-A999-E3A6C02B9120}.AppStore|iPhone.Build.0 = AppStore|iPhone
		{933AF39A-5EFC-4109-A999-E3A6C02B9120}.AppStore|iPhoneSimulator.ActiveCfg = AppStore|iPhoneSimulator
		{933AF39A-5EFC-4109-A999-E3A6C02B9120}.AppStore|iPhoneSimulator.Build.0 = AppStore|iPhoneSimulator
		{933AF39A-5EFC-4109-A999-E3A6C02B9120}.AppStore|x64.ActiveCfg = AppStore|iPhone
		{933AF39A-5EFC-4109-A999-E3A6C02B9120}.AppStore|x86.ActiveCfg = AppStore|iPhone
		{933AF39A-5EFC-4109-A999-E3A6C02B9120}.Debug|Any CPU.ActiveCfg = Debug|iPhone
		{933AF39A-5EFC-4109-A999-E3A6C02B9120}.Debug|ARM.ActiveCfg = Debug|iPhone
		{933AF39A-5EFC-4109-A999-E3A6C02B9120}.Debug|iPhone.ActiveCfg = Debug|iPhone
		{933AF39A-5EFC-4109-A999-E3A6C02B9120}.Debug|iPhone.Build.0 = Debug|iPhone
		{933AF39A-5EFC-4109-A999-E3A6C02B9120}.Debug|iPhoneSimulator.ActiveCfg = Debug|iPhoneSimulator
		{933AF39A-5EFC-4109-A999-E3A6C02B9120}.Debug|iPhoneSimulator.Build.0 = Debug|iPhoneSimulator
		{933AF39A-5EFC-4109-A999-E3A6C02B9120}.Debug|x64.ActiveCfg = Debug|iPhone
		{933AF39A-5EFC-4109-A999-E3A6C02B9120}.Debug|x86.ActiveCfg = Debug|iPhone
		{933AF39A-5EFC-4109-A999-E3A6C02B9120}.Release|Any CPU.ActiveCfg = Release|iPhone
		{933AF39A-5EFC-4109-A999-E3A6C02B9120}.Release|ARM.ActiveCfg = Release|iPhone
		{933AF39A-5EFC-4109-A999-E3A6C02B9120}.Release|iPhone.ActiveCfg = Release|iPhone
		{933AF39A-5EFC-4109-A999-E3A6C02B9120}.Release|iPhone.Build.0 = Release|iPhone
		{933AF39A-5EFC-4109-A999-E3A6C02B9120}.Release|iPhoneSimulator.ActiveCfg = Release|iPhoneSimulator
		{933AF39A-5EFC-4109-A999-E3A6C02B9120}.Release|iPhoneSimulator.Build.0 = Release|iPhoneSimulator
		{933AF39A-5EFC-4109-A999-E3A6C02B9120}.Release|x64.ActiveCfg = Release|iPhone
		{933AF39A-5EFC-4109-A999-E3A6C02B9120}.Release|x86.ActiveCfg = Release|iPhone
		{1F803DF0-2E6E-4BF4-ABB0-3A23097A00AC}.Ad-Hoc|Any CPU.ActiveCfg = Release|Any CPU
		{1F803DF0-2E6E-4BF4-ABB0-3A23097A00AC}.Ad-Hoc|Any CPU.Build.0 = Release|Any CPU
		{1F803DF0-2E6E-4BF4-ABB0-3A23097A00AC}.Ad-Hoc|Any CPU.Deploy.0 = Release|Any CPU
		{1F803DF0-2E6E-4BF4-ABB0-3A23097A00AC}.Ad-Hoc|ARM.ActiveCfg = Release|ARM
		{1F803DF0-2E6E-4BF4-ABB0-3A23097A00AC}.Ad-Hoc|ARM.Build.0 = Release|ARM
		{1F803DF0-2E6E-4BF4-ABB0-3A23097A00AC}.Ad-Hoc|ARM.Deploy.0 = Release|ARM
		{1F803DF0-2E6E-4BF4-ABB0-3A23097A00AC}.Ad-Hoc|iPhone.ActiveCfg = Release|Any CPU
		{1F803DF0-2E6E-4BF4-ABB0-3A23097A00AC}.Ad-Hoc|iPhone.Build.0 = Release|Any CPU
		{1F803DF0-2E6E-4BF4-ABB0-3A23097A00AC}.Ad-Hoc|iPhone.Deploy.0 = Release|Any CPU
		{1F803DF0-2E6E-4BF4-ABB0-3A23097A00AC}.Ad-Hoc|iPhoneSimulator.ActiveCfg = Release|Any CPU
		{1F803DF0-2E6E-4BF4-ABB0-3A23097A00AC}.Ad-Hoc|iPhoneSimulator.Build.0 = Release|Any CPU
		{1F803DF0-2E6E-4BF4-ABB0-3A23097A00AC}.Ad-Hoc|iPhoneSimulator.Deploy.0 = Release|Any CPU
		{1F803DF0-2E6E-4BF4-ABB0-3A23097A00AC}.Ad-Hoc|x64.ActiveCfg = Release|Any CPU
		{1F803DF0-2E6E-4BF4-ABB0-3A23097A00AC}.Ad-Hoc|x64.Build.0 = Release|Any CPU
		{1F803DF0-2E6E-4BF4-ABB0-3A23097A00AC}.Ad-Hoc|x64.Deploy.0 = Release|Any CPU
		{1F803DF0-2E6E-4BF4-ABB0-3A23097A00AC}.Ad-Hoc|x86.ActiveCfg = Release|x86
		{1F803DF0-2E6E-4BF4-ABB0-3A23097A00AC}.Ad-Hoc|x86.Build.0 = Release|x86
		{1F803DF0-2E6E-4BF4-ABB0-3A23097A00AC}.Ad-Hoc|x86.Deploy.0 = Release|x86
		{1F803DF0-2E6E-4BF4-ABB0-3A23097A00AC}.AppStore|Any CPU.ActiveCfg = Release|Any CPU
		{1F803DF0-2E6E-4BF4-ABB0-3A23097A00AC}.AppStore|Any CPU.Build.0 = Release|Any CPU
		{1F803DF0-2E6E-4BF4-ABB0-3A23097A00AC}.AppStore|Any CPU.Deploy.0 = Release|Any CPU
		{1F803DF0-2E6E-4BF4-ABB0-3A23097A00AC}.AppStore|ARM.ActiveCfg = Release|ARM
		{1F803DF0-2E6E-4BF4-ABB0-3A23097A00AC}.AppStore|ARM.Build.0 = Release|ARM
		{1F803DF0-2E6E-4BF4-ABB0-3A23097A00AC}.AppStore|ARM.Deploy.0 = Release|ARM
		{1F803DF0-2E6E-4BF4-ABB0-3A23097A00AC}.AppStore|iPhone.ActiveCfg = Release|Any CPU
		{1F803DF0-2E6E-4BF4-ABB0-3A23097A00AC}.AppStore|iPhone.Build.0 = Release|Any CPU
		{1F803DF0-2E6E-4BF4-ABB0-3A23097A00AC}.AppStore|iPhone.Deploy.0 = Release|Any CPU
		{1F803DF0-2E6E-4BF4-ABB0-3A23097A00AC}.AppStore|iPhoneSimulator.ActiveCfg = Release|Any CPU
		{1F803DF0-2E6E-4BF4-ABB0-3A23097A00AC}.AppStore|iPhoneSimulator.Build.0 = Release|Any CPU
		{1F803DF0-2E6E-4BF4-ABB0-3A23097A00AC}.AppStore|iPhoneSimulator.Deploy.0 = Release|Any CPU
		{1F803DF0-2E6E-4BF4-ABB0-3A23097A00AC}.AppStore|x64.ActiveCfg = Release|Any CPU
		{1F803DF0-2E6E-4BF4-ABB0-3A23097A00AC}.AppStore|x64.Build.0 = Release|Any CPU
		{1F803DF0-2E6E-4BF4-ABB0-3A23097A00AC}.AppStore|x64.Deploy.0 = Release|Any CPU
		{1F803DF0-2E6E-4BF4-ABB0-3A23097A00AC}.AppStore|x86.ActiveCfg = Release|x86
		{1F803DF0-2E6E-4BF4-ABB0-3A23097A00AC}.AppStore|x86.Build.0 = Release|x86
		{1F803DF0-2E6E-4BF4-ABB0-3A23097A00AC}.AppStore|x86.Deploy.0 = Release|x86
		{1F803DF0-2E6E-4BF4-ABB0-3A23097A00AC}.Debug|Any CPU.ActiveCfg = Debug|Any CPU
		{1F803DF0-2E6E-4BF4-ABB0-3A23097A00AC}.Debug|Any CPU.Build.0 = Debug|Any CPU
		{1F803DF0-2E6E-4BF4-ABB0-3A23097A00AC}.Debug|Any CPU.Deploy.0 = Debug|Any CPU
		{1F803DF0-2E6E-4BF4-ABB0-3A23097A00AC}.Debug|ARM.ActiveCfg = Debug|ARM
		{1F803DF0-2E6E-4BF4-ABB0-3A23097A00AC}.Debug|ARM.Build.0 = Debug|ARM
		{1F803DF0-2E6E-4BF4-ABB0-3A23097A00AC}.Debug|ARM.Deploy.0 = Debug|ARM
		{1F803DF0-2E6E-4BF4-ABB0-3A23097A00AC}.Debug|iPhone.ActiveCfg = Debug|Any CPU
		{1F803DF0-2E6E-4BF4-ABB0-3A23097A00AC}.Debug|iPhone.Build.0 = Debug|Any CPU
		{1F803DF0-2E6E-4BF4-ABB0-3A23097A00AC}.Debug|iPhone.Deploy.0 = Debug|Any CPU
		{1F803DF0-2E6E-4BF4-ABB0-3A23097A00AC}.Debug|iPhoneSimulator.ActiveCfg = Debug|Any CPU
		{1F803DF0-2E6E-4BF4-ABB0-3A23097A00AC}.Debug|iPhoneSimulator.Build.0 = Debug|Any CPU
		{1F803DF0-2E6E-4BF4-ABB0-3A23097A00AC}.Debug|iPhoneSimulator.Deploy.0 = Debug|Any CPU
		{1F803DF0-2E6E-4BF4-ABB0-3A23097A00AC}.Debug|x64.ActiveCfg = Debug|Any CPU
		{1F803DF0-2E6E-4BF4-ABB0-3A23097A00AC}.Debug|x64.Build.0 = Debug|Any CPU
		{1F803DF0-2E6E-4BF4-ABB0-3A23097A00AC}.Debug|x64.Deploy.0 = Debug|Any CPU
		{1F803DF0-2E6E-4BF4-ABB0-3A23097A00AC}.Debug|x86.ActiveCfg = Debug|x86
		{1F803DF0-2E6E-4BF4-ABB0-3A23097A00AC}.Debug|x86.Build.0 = Debug|x86
		{1F803DF0-2E6E-4BF4-ABB0-3A23097A00AC}.Debug|x86.Deploy.0 = Debug|x86
		{1F803DF0-2E6E-4BF4-ABB0-3A23097A00AC}.Release|Any CPU.ActiveCfg = Release|Any CPU
		{1F803DF0-2E6E-4BF4-ABB0-3A23097A00AC}.Release|Any CPU.Build.0 = Release|Any CPU
		{1F803DF0-2E6E-4BF4-ABB0-3A23097A00AC}.Release|Any CPU.Deploy.0 = Release|Any CPU
		{1F803DF0-2E6E-4BF4-ABB0-3A23097A00AC}.Release|ARM.ActiveCfg = Release|ARM
		{1F803DF0-2E6E-4BF4-ABB0-3A23097A00AC}.Release|ARM.Build.0 = Release|ARM
		{1F803DF0-2E6E-4BF4-ABB0-3A23097A00AC}.Release|ARM.Deploy.0 = Release|ARM
		{1F803DF0-2E6E-4BF4-ABB0-3A23097A00AC}.Release|iPhone.ActiveCfg = Release|Any CPU
		{1F803DF0-2E6E-4BF4-ABB0-3A23097A00AC}.Release|iPhone.Build.0 = Release|Any CPU
		{1F803DF0-2E6E-4BF4-ABB0-3A23097A00AC}.Release|iPhone.Deploy.0 = Release|Any CPU
		{1F803DF0-2E6E-4BF4-ABB0-3A23097A00AC}.Release|iPhoneSimulator.ActiveCfg = Release|Any CPU
		{1F803DF0-2E6E-4BF4-ABB0-3A23097A00AC}.Release|iPhoneSimulator.Build.0 = Release|Any CPU
		{1F803DF0-2E6E-4BF4-ABB0-3A23097A00AC}.Release|iPhoneSimulator.Deploy.0 = Release|Any CPU
		{1F803DF0-2E6E-4BF4-ABB0-3A23097A00AC}.Release|x64.ActiveCfg = Release|Any CPU
		{1F803DF0-2E6E-4BF4-ABB0-3A23097A00AC}.Release|x64.Build.0 = Release|Any CPU
		{1F803DF0-2E6E-4BF4-ABB0-3A23097A00AC}.Release|x64.Deploy.0 = Release|Any CPU
		{1F803DF0-2E6E-4BF4-ABB0-3A23097A00AC}.Release|x86.ActiveCfg = Release|x86
		{1F803DF0-2E6E-4BF4-ABB0-3A23097A00AC}.Release|x86.Build.0 = Release|x86
		{1F803DF0-2E6E-4BF4-ABB0-3A23097A00AC}.Release|x86.Deploy.0 = Release|x86
		{775F3E68-AA3F-4F6E-ACD6-4D02AA36217A}.Ad-Hoc|Any CPU.ActiveCfg = Release|x86
		{775F3E68-AA3F-4F6E-ACD6-4D02AA36217A}.Ad-Hoc|Any CPU.Build.0 = Release|x86
		{775F3E68-AA3F-4F6E-ACD6-4D02AA36217A}.Ad-Hoc|Any CPU.Deploy.0 = Release|x86
		{775F3E68-AA3F-4F6E-ACD6-4D02AA36217A}.Ad-Hoc|ARM.ActiveCfg = Release|ARM
		{775F3E68-AA3F-4F6E-ACD6-4D02AA36217A}.Ad-Hoc|ARM.Build.0 = Release|ARM
		{775F3E68-AA3F-4F6E-ACD6-4D02AA36217A}.Ad-Hoc|ARM.Deploy.0 = Release|ARM
		{775F3E68-AA3F-4F6E-ACD6-4D02AA36217A}.Ad-Hoc|iPhone.ActiveCfg = Release|x86
		{775F3E68-AA3F-4F6E-ACD6-4D02AA36217A}.Ad-Hoc|iPhone.Build.0 = Release|x86
		{775F3E68-AA3F-4F6E-ACD6-4D02AA36217A}.Ad-Hoc|iPhone.Deploy.0 = Release|x86
		{775F3E68-AA3F-4F6E-ACD6-4D02AA36217A}.Ad-Hoc|iPhoneSimulator.ActiveCfg = Release|x86
		{775F3E68-AA3F-4F6E-ACD6-4D02AA36217A}.Ad-Hoc|iPhoneSimulator.Build.0 = Release|x86
		{775F3E68-AA3F-4F6E-ACD6-4D02AA36217A}.Ad-Hoc|iPhoneSimulator.Deploy.0 = Release|x86
		{775F3E68-AA3F-4F6E-ACD6-4D02AA36217A}.Ad-Hoc|x64.ActiveCfg = Release|x64
		{775F3E68-AA3F-4F6E-ACD6-4D02AA36217A}.Ad-Hoc|x64.Build.0 = Release|x64
		{775F3E68-AA3F-4F6E-ACD6-4D02AA36217A}.Ad-Hoc|x64.Deploy.0 = Release|x64
		{775F3E68-AA3F-4F6E-ACD6-4D02AA36217A}.Ad-Hoc|x86.ActiveCfg = Release|x86
		{775F3E68-AA3F-4F6E-ACD6-4D02AA36217A}.Ad-Hoc|x86.Build.0 = Release|x86
		{775F3E68-AA3F-4F6E-ACD6-4D02AA36217A}.Ad-Hoc|x86.Deploy.0 = Release|x86
		{775F3E68-AA3F-4F6E-ACD6-4D02AA36217A}.AppStore|Any CPU.ActiveCfg = Release|x86
		{775F3E68-AA3F-4F6E-ACD6-4D02AA36217A}.AppStore|Any CPU.Build.0 = Release|x86
		{775F3E68-AA3F-4F6E-ACD6-4D02AA36217A}.AppStore|Any CPU.Deploy.0 = Release|x86
		{775F3E68-AA3F-4F6E-ACD6-4D02AA36217A}.AppStore|ARM.ActiveCfg = Release|ARM
		{775F3E68-AA3F-4F6E-ACD6-4D02AA36217A}.AppStore|ARM.Build.0 = Release|ARM
		{775F3E68-AA3F-4F6E-ACD6-4D02AA36217A}.AppStore|ARM.Deploy.0 = Release|ARM
		{775F3E68-AA3F-4F6E-ACD6-4D02AA36217A}.AppStore|iPhone.ActiveCfg = Release|x86
		{775F3E68-AA3F-4F6E-ACD6-4D02AA36217A}.AppStore|iPhone.Build.0 = Release|x86
		{775F3E68-AA3F-4F6E-ACD6-4D02AA36217A}.AppStore|iPhone.Deploy.0 = Release|x86
		{775F3E68-AA3F-4F6E-ACD6-4D02AA36217A}.AppStore|iPhoneSimulator.ActiveCfg = Release|x86
		{775F3E68-AA3F-4F6E-ACD6-4D02AA36217A}.AppStore|iPhoneSimulator.Build.0 = Release|x86
		{775F3E68-AA3F-4F6E-ACD6-4D02AA36217A}.AppStore|iPhoneSimulator.Deploy.0 = Release|x86
		{775F3E68-AA3F-4F6E-ACD6-4D02AA36217A}.AppStore|x64.ActiveCfg = Release|x64
		{775F3E68-AA3F-4F6E-ACD6-4D02AA36217A}.AppStore|x64.Build.0 = Release|x64
		{775F3E68-AA3F-4F6E-ACD6-4D02AA36217A}.AppStore|x64.Deploy.0 = Release|x64
		{775F3E68-AA3F-4F6E-ACD6-4D02AA36217A}.AppStore|x86.ActiveCfg = Release|x86
		{775F3E68-AA3F-4F6E-ACD6-4D02AA36217A}.AppStore|x86.Build.0 = Release|x86
		{775F3E68-AA3F-4F6E-ACD6-4D02AA36217A}.AppStore|x86.Deploy.0 = Release|x86
		{775F3E68-AA3F-4F6E-ACD6-4D02AA36217A}.Debug|Any CPU.ActiveCfg = Debug|x86
		{775F3E68-AA3F-4F6E-ACD6-4D02AA36217A}.Debug|ARM.ActiveCfg = Debug|ARM
		{775F3E68-AA3F-4F6E-ACD6-4D02AA36217A}.Debug|ARM.Build.0 = Debug|ARM
		{775F3E68-AA3F-4F6E-ACD6-4D02AA36217A}.Debug|ARM.Deploy.0 = Debug|ARM
		{775F3E68-AA3F-4F6E-ACD6-4D02AA36217A}.Debug|iPhone.ActiveCfg = Debug|x86
		{775F3E68-AA3F-4F6E-ACD6-4D02AA36217A}.Debug|iPhoneSimulator.ActiveCfg = Debug|x86
		{775F3E68-AA3F-4F6E-ACD6-4D02AA36217A}.Debug|x64.ActiveCfg = Debug|x64
		{775F3E68-AA3F-4F6E-ACD6-4D02AA36217A}.Debug|x64.Build.0 = Debug|x64
		{775F3E68-AA3F-4F6E-ACD6-4D02AA36217A}.Debug|x64.Deploy.0 = Debug|x64
		{775F3E68-AA3F-4F6E-ACD6-4D02AA36217A}.Debug|x86.ActiveCfg = Debug|x86
		{775F3E68-AA3F-4F6E-ACD6-4D02AA36217A}.Debug|x86.Build.0 = Debug|x86
		{775F3E68-AA3F-4F6E-ACD6-4D02AA36217A}.Debug|x86.Deploy.0 = Debug|x86
		{775F3E68-AA3F-4F6E-ACD6-4D02AA36217A}.Release|Any CPU.ActiveCfg = Release|x86
		{775F3E68-AA3F-4F6E-ACD6-4D02AA36217A}.Release|ARM.ActiveCfg = Release|ARM
		{775F3E68-AA3F-4F6E-ACD6-4D02AA36217A}.Release|ARM.Build.0 = Release|ARM
		{775F3E68-AA3F-4F6E-ACD6-4D02AA36217A}.Release|ARM.Deploy.0 = Release|ARM
		{775F3E68-AA3F-4F6E-ACD6-4D02AA36217A}.Release|iPhone.ActiveCfg = Release|x86
		{775F3E68-AA3F-4F6E-ACD6-4D02AA36217A}.Release|iPhoneSimulator.ActiveCfg = Release|x86
		{775F3E68-AA3F-4F6E-ACD6-4D02AA36217A}.Release|x64.ActiveCfg = Release|x64
		{775F3E68-AA3F-4F6E-ACD6-4D02AA36217A}.Release|x64.Build.0 = Release|x64
		{775F3E68-AA3F-4F6E-ACD6-4D02AA36217A}.Release|x64.Deploy.0 = Release|x64
		{775F3E68-AA3F-4F6E-ACD6-4D02AA36217A}.Release|x86.ActiveCfg = Release|x86
		{775F3E68-AA3F-4F6E-ACD6-4D02AA36217A}.Release|x86.Build.0 = Release|x86
		{775F3E68-AA3F-4F6E-ACD6-4D02AA36217A}.Release|x86.Deploy.0 = Release|x86
		{62ECF2AA-E438-4F74-B1B4-98554D71BBA6}.Ad-Hoc|Any CPU.ActiveCfg = Release|Any CPU
		{62ECF2AA-E438-4F74-B1B4-98554D71BBA6}.Ad-Hoc|Any CPU.Build.0 = Release|Any CPU
		{62ECF2AA-E438-4F74-B1B4-98554D71BBA6}.Ad-Hoc|Any CPU.Deploy.0 = Release|Any CPU
		{62ECF2AA-E438-4F74-B1B4-98554D71BBA6}.Ad-Hoc|ARM.ActiveCfg = Release|ARM
		{62ECF2AA-E438-4F74-B1B4-98554D71BBA6}.Ad-Hoc|ARM.Build.0 = Release|ARM
		{62ECF2AA-E438-4F74-B1B4-98554D71BBA6}.Ad-Hoc|ARM.Deploy.0 = Release|ARM
		{62ECF2AA-E438-4F74-B1B4-98554D71BBA6}.Ad-Hoc|iPhone.ActiveCfg = Release|Any CPU
		{62ECF2AA-E438-4F74-B1B4-98554D71BBA6}.Ad-Hoc|iPhone.Build.0 = Release|Any CPU
		{62ECF2AA-E438-4F74-B1B4-98554D71BBA6}.Ad-Hoc|iPhone.Deploy.0 = Release|Any CPU
		{62ECF2AA-E438-4F74-B1B4-98554D71BBA6}.Ad-Hoc|iPhoneSimulator.ActiveCfg = Release|Any CPU
		{62ECF2AA-E438-4F74-B1B4-98554D71BBA6}.Ad-Hoc|iPhoneSimulator.Build.0 = Release|Any CPU
		{62ECF2AA-E438-4F74-B1B4-98554D71BBA6}.Ad-Hoc|iPhoneSimulator.Deploy.0 = Release|Any CPU
		{62ECF2AA-E438-4F74-B1B4-98554D71BBA6}.Ad-Hoc|x64.ActiveCfg = Release|x64
		{62ECF2AA-E438-4F74-B1B4-98554D71BBA6}.Ad-Hoc|x64.Build.0 = Release|x64
		{62ECF2AA-E438-4F74-B1B4-98554D71BBA6}.Ad-Hoc|x64.Deploy.0 = Release|x64
		{62ECF2AA-E438-4F74-B1B4-98554D71BBA6}.Ad-Hoc|x86.ActiveCfg = Release|x86
		{62ECF2AA-E438-4F74-B1B4-98554D71BBA6}.Ad-Hoc|x86.Build.0 = Release|x86
		{62ECF2AA-E438-4F74-B1B4-98554D71BBA6}.Ad-Hoc|x86.Deploy.0 = Release|x86
		{62ECF2AA-E438-4F74-B1B4-98554D71BBA6}.AppStore|Any CPU.ActiveCfg = Release|Any CPU
		{62ECF2AA-E438-4F74-B1B4-98554D71BBA6}.AppStore|Any CPU.Build.0 = Release|Any CPU
		{62ECF2AA-E438-4F74-B1B4-98554D71BBA6}.AppStore|Any CPU.Deploy.0 = Release|Any CPU
		{62ECF2AA-E438-4F74-B1B4-98554D71BBA6}.AppStore|ARM.ActiveCfg = Release|ARM
		{62ECF2AA-E438-4F74-B1B4-98554D71BBA6}.AppStore|ARM.Build.0 = Release|ARM
		{62ECF2AA-E438-4F74-B1B4-98554D71BBA6}.AppStore|ARM.Deploy.0 = Release|ARM
		{62ECF2AA-E438-4F74-B1B4-98554D71BBA6}.AppStore|iPhone.ActiveCfg = Release|Any CPU
		{62ECF2AA-E438-4F74-B1B4-98554D71BBA6}.AppStore|iPhone.Build.0 = Release|Any CPU
		{62ECF2AA-E438-4F74-B1B4-98554D71BBA6}.AppStore|iPhone.Deploy.0 = Release|Any CPU
		{62ECF2AA-E438-4F74-B1B4-98554D71BBA6}.AppStore|iPhoneSimulator.ActiveCfg = Release|Any CPU
		{62ECF2AA-E438-4F74-B1B4-98554D71BBA6}.AppStore|iPhoneSimulator.Build.0 = Release|Any CPU
		{62ECF2AA-E438-4F74-B1B4-98554D71BBA6}.AppStore|iPhoneSimulator.Deploy.0 = Release|Any CPU
		{62ECF2AA-E438-4F74-B1B4-98554D71BBA6}.AppStore|x64.ActiveCfg = Release|x64
		{62ECF2AA-E438-4F74-B1B4-98554D71BBA6}.AppStore|x64.Build.0 = Release|x64
		{62ECF2AA-E438-4F74-B1B4-98554D71BBA6}.AppStore|x64.Deploy.0 = Release|x64
		{62ECF2AA-E438-4F74-B1B4-98554D71BBA6}.AppStore|x86.ActiveCfg = Release|x86
		{62ECF2AA-E438-4F74-B1B4-98554D71BBA6}.AppStore|x86.Build.0 = Release|x86
		{62ECF2AA-E438-4F74-B1B4-98554D71BBA6}.AppStore|x86.Deploy.0 = Release|x86
		{62ECF2AA-E438-4F74-B1B4-98554D71BBA6}.Debug|Any CPU.ActiveCfg = Debug|Any CPU
		{62ECF2AA-E438-4F74-B1B4-98554D71BBA6}.Debug|Any CPU.Build.0 = Debug|Any CPU
		{62ECF2AA-E438-4F74-B1B4-98554D71BBA6}.Debug|Any CPU.Deploy.0 = Debug|Any CPU
		{62ECF2AA-E438-4F74-B1B4-98554D71BBA6}.Debug|ARM.ActiveCfg = Debug|ARM
		{62ECF2AA-E438-4F74-B1B4-98554D71BBA6}.Debug|ARM.Build.0 = Debug|ARM
		{62ECF2AA-E438-4F74-B1B4-98554D71BBA6}.Debug|ARM.Deploy.0 = Debug|ARM
		{62ECF2AA-E438-4F74-B1B4-98554D71BBA6}.Debug|iPhone.ActiveCfg = Debug|Any CPU
		{62ECF2AA-E438-4F74-B1B4-98554D71BBA6}.Debug|iPhone.Build.0 = Debug|Any CPU
		{62ECF2AA-E438-4F74-B1B4-98554D71BBA6}.Debug|iPhone.Deploy.0 = Debug|Any CPU
		{62ECF2AA-E438-4F74-B1B4-98554D71BBA6}.Debug|iPhoneSimulator.ActiveCfg = Debug|Any CPU
		{62ECF2AA-E438-4F74-B1B4-98554D71BBA6}.Debug|iPhoneSimulator.Build.0 = Debug|Any CPU
		{62ECF2AA-E438-4F74-B1B4-98554D71BBA6}.Debug|iPhoneSimulator.Deploy.0 = Debug|Any CPU
		{62ECF2AA-E438-4F74-B1B4-98554D71BBA6}.Debug|x64.ActiveCfg = Debug|x64
		{62ECF2AA-E438-4F74-B1B4-98554D71BBA6}.Debug|x64.Build.0 = Debug|x64
		{62ECF2AA-E438-4F74-B1B4-98554D71BBA6}.Debug|x64.Deploy.0 = Debug|x64
		{62ECF2AA-E438-4F74-B1B4-98554D71BBA6}.Debug|x86.ActiveCfg = Debug|x86
		{62ECF2AA-E438-4F74-B1B4-98554D71BBA6}.Debug|x86.Build.0 = Debug|x86
		{62ECF2AA-E438-4F74-B1B4-98554D71BBA6}.Debug|x86.Deploy.0 = Debug|x86
		{62ECF2AA-E438-4F74-B1B4-98554D71BBA6}.Release|Any CPU.ActiveCfg = Release|Any CPU
		{62ECF2AA-E438-4F74-B1B4-98554D71BBA6}.Release|Any CPU.Build.0 = Release|Any CPU
		{62ECF2AA-E438-4F74-B1B4-98554D71BBA6}.Release|Any CPU.Deploy.0 = Release|Any CPU
		{62ECF2AA-E438-4F74-B1B4-98554D71BBA6}.Release|ARM.ActiveCfg = Release|ARM
		{62ECF2AA-E438-4F74-B1B4-98554D71BBA6}.Release|ARM.Build.0 = Release|ARM
		{62ECF2AA-E438-4F74-B1B4-98554D71BBA6}.Release|ARM.Deploy.0 = Release|ARM
		{62ECF2AA-E438-4F74-B1B4-98554D71BBA6}.Release|iPhone.ActiveCfg = Release|Any CPU
		{62ECF2AA-E438-4F74-B1B4-98554D71BBA6}.Release|iPhone.Build.0 = Release|Any CPU
		{62ECF2AA-E438-4F74-B1B4-98554D71BBA6}.Release|iPhone.Deploy.0 = Release|Any CPU
		{62ECF2AA-E438-4F74-B1B4-98554D71BBA6}.Release|iPhoneSimulator.ActiveCfg = Release|Any CPU
		{62ECF2AA-E438-4F74-B1B4-98554D71BBA6}.Release|iPhoneSimulator.Build.0 = Release|Any CPU
		{62ECF2AA-E438-4F74-B1B4-98554D71BBA6}.Release|iPhoneSimulator.Deploy.0 = Release|Any CPU
		{62ECF2AA-E438-4F74-B1B4-98554D71BBA6}.Release|x64.ActiveCfg = Release|x64
		{62ECF2AA-E438-4F74-B1B4-98554D71BBA6}.Release|x64.Build.0 = Release|x64
		{62ECF2AA-E438-4F74-B1B4-98554D71BBA6}.Release|x64.Deploy.0 = Release|x64
		{62ECF2AA-E438-4F74-B1B4-98554D71BBA6}.Release|x86.ActiveCfg = Release|x86
		{62ECF2AA-E438-4F74-B1B4-98554D71BBA6}.Release|x86.Build.0 = Release|x86
		{62ECF2AA-E438-4F74-B1B4-98554D71BBA6}.Release|x86.Deploy.0 = Release|x86
	EndGlobalSection
	GlobalSection(SolutionProperties) = preSolution
		HideSolutionNode = FALSE
	EndGlobalSection
EndGlobal
